
Microsoft Visual Studio Solution File, Format Version 12.00
# Visual Studio 15
VisualStudioVersion = 15.0.27428.2043
MinimumVisualStudioVersion = 10.0.40219.1
Project("{FAE04EC0-301F-11D3-BF4B-00C04F79EFBC}") = "AssetManagementWeb", "AssetManagementWeb\AssetManagementWeb.csproj", "{A6ACF649-EE1A-4F78-8A28-03D1B16A287A}"
EndProject
Project("{262852C6-CD72-467D-83FE-5EEB1973A190}") = "AssetManagementMobile", "..\..\AssetManagementMobile\AssetManagementMobile\AssetManagementMobile.jsproj", "{98054972-439D-4EC2-9C20-2B93C45FF889}"
EndProject
Global
	GlobalSection(SolutionConfigurationPlatforms) = preSolution
		Debug|Android = Debug|Android
		Debug|Any CPU = Debug|Any CPU
		Debug|iOS = Debug|iOS
		Debug|Windows-ARM = Debug|Windows-ARM
		Debug|Windows-x64 = Debug|Windows-x64
		Debug|Windows-x86 = Debug|Windows-x86
		Release|Android = Release|Android
		Release|Any CPU = Release|Any CPU
		Release|iOS = Release|iOS
		Release|Windows-ARM = Release|Windows-ARM
		Release|Windows-x64 = Release|Windows-x64
		Release|Windows-x86 = Release|Windows-x86
	EndGlobalSection
	GlobalSection(ProjectConfigurationPlatforms) = postSolution
		{A6ACF649-EE1A-4F78-8A28-03D1B16A287A}.Debug|Android.ActiveCfg = Debug|Any CPU
		{A6ACF649-EE1A-4F78-8A28-03D1B16A287A}.Debug|Android.Build.0 = Debug|Any CPU
		{A6ACF649-EE1A-4F78-8A28-03D1B16A287A}.Debug|Any CPU.ActiveCfg = Debug|Any CPU
		{A6ACF649-EE1A-4F78-8A28-03D1B16A287A}.Debug|Any CPU.Build.0 = Debug|Any CPU
		{A6ACF649-EE1A-4F78-8A28-03D1B16A287A}.Debug|iOS.ActiveCfg = Debug|Any CPU
		{A6ACF649-EE1A-4F78-8A28-03D1B16A287A}.Debug|iOS.Build.0 = Debug|Any CPU
		{A6ACF649-EE1A-4F78-8A28-03D1B16A287A}.Debug|Windows-ARM.ActiveCfg = Debug|Any CPU
		{A6ACF649-EE1A-4F78-8A28-03D1B16A287A}.Debug|Windows-ARM.Build.0 = Debug|Any CPU
		{A6ACF649-EE1A-4F78-8A28-03D1B16A287A}.Debug|Windows-x64.ActiveCfg = Debug|Any CPU
		{A6ACF649-EE1A-4F78-8A28-03D1B16A287A}.Debug|Windows-x64.Build.0 = Debug|Any CPU
		{A6ACF649-EE1A-4F78-8A28-03D1B16A287A}.Debug|Windows-x86.ActiveCfg = Debug|Any CPU
		{A6ACF649-EE1A-4F78-8A28-03D1B16A287A}.Debug|Windows-x86.Build.0 = Debug|Any CPU
		{A6ACF649-EE1A-4F78-8A28-03D1B16A287A}.Release|Android.ActiveCfg = Release|Any CPU
		{A6ACF649-EE1A-4F78-8A28-03D1B16A287A}.Release|Android.Build.0 = Release|Any CPU
		{A6ACF649-EE1A-4F78-8A28-03D1B16A287A}.Release|Any CPU.ActiveCfg = Release|Any CPU
		{A6ACF649-EE1A-4F78-8A28-03D1B16A287A}.Release|Any CPU.Build.0 = Release|Any CPU
		{A6ACF649-EE1A-4F78-8A28-03D1B16A287A}.Release|iOS.ActiveCfg = Release|Any CPU
		{A6ACF649-EE1A-4F78-8A28-03D1B16A287A}.Release|iOS.Build.0 = Release|Any CPU
		{A6ACF649-EE1A-4F78-8A28-03D1B16A287A}.Release|Windows-ARM.ActiveCfg = Release|Any CPU
		{A6ACF649-EE1A-4F78-8A28-03D1B16A287A}.Release|Windows-ARM.Build.0 = Release|Any CPU
		{A6ACF649-EE1A-4F78-8A28-03D1B16A287A}.Release|Windows-x64.ActiveCfg = Release|Any CPU
		{A6ACF649-EE1A-4F78-8A28-03D1B16A287A}.Release|Windows-x64.Build.0 = Release|Any CPU
		{A6ACF649-EE1A-4F78-8A28-03D1B16A287A}.Release|Windows-x86.ActiveCfg = Release|Any CPU
		{A6ACF649-EE1A-4F78-8A28-03D1B16A287A}.Release|Windows-x86.Build.0 = Release|Any CPU
		{98054972-439D-4EC2-9C20-2B93C45FF889}.Debug|Android.ActiveCfg = Debug|Android
		{98054972-439D-4EC2-9C20-2B93C45FF889}.Debug|Android.Build.0 = Debug|Android
		{98054972-439D-4EC2-9C20-2B93C45FF889}.Debug|Android.Deploy.0 = Debug|Android
		{98054972-439D-4EC2-9C20-2B93C45FF889}.Debug|Any CPU.ActiveCfg = Debug|Android
		{98054972-439D-4EC2-9C20-2B93C45FF889}.Debug|iOS.ActiveCfg = Debug|iOS
		{98054972-439D-4EC2-9C20-2B93C45FF889}.Debug|iOS.Build.0 = Debug|iOS
		{98054972-439D-4EC2-9C20-2B93C45FF889}.Debug|iOS.Deploy.0 = Debug|iOS
		{98054972-439D-4EC2-9C20-2B93C45FF889}.Debug|Windows-ARM.ActiveCfg = Debug|Windows-ARM
		{98054972-439D-4EC2-9C20-2B93C45FF889}.Debug|Windows-ARM.Build.0 = Debug|Windows-ARM
		{98054972-439D-4EC2-9C20-2B93C45FF889}.Debug|Windows-ARM.Deploy.0 = Debug|Windows-ARM
		{98054972-439D-4EC2-9C20-2B93C45FF889}.Debug|Windows-x64.ActiveCfg = Debug|Windows-x64
		{98054972-439D-4EC2-9C20-2B93C45FF889}.Debug|Windows-x64.Build.0 = Debug|Windows-x64
		{98054972-439D-4EC2-9C20-2B93C45FF889}.Debug|Windows-x64.Deploy.0 = Debug|Windows-x64
		{98054972-439D-4EC2-9C20-2B93C45FF889}.Debug|Windows-x86.ActiveCfg = Debug|Windows-x86
		{98054972-439D-4EC2-9C20-2B93C45FF889}.Debug|Windows-x86.Build.0 = Debug|Windows-x86
		{98054972-439D-4EC2-9C20-2B93C45FF889}.Debug|Windows-x86.Deploy.0 = Debug|Windows-x86
		{98054972-439D-4EC2-9C20-2B93C45FF889}.Release|Android.ActiveCfg = Release|Android
		{98054972-439D-4EC2-9C20-2B93C45FF889}.Release|Android.Build.0 = Release|Android
		{98054972-439D-4EC2-9C20-2B93C45FF889}.Release|Android.Deploy.0 = Release|Android
		{98054972-439D-4EC2-9C20-2B93C45FF889}.Release|Any CPU.ActiveCfg = Release|Android
		{98054972-439D-4EC2-9C20-2B93C45FF889}.Release|iOS.ActiveCfg = Release|iOS
		{98054972-439D-4EC2-9C20-2B93C45FF889}.Release|iOS.Build.0 = Release|iOS
		{98054972-439D-4EC2-9C20-2B93C45FF889}.Release|iOS.Deploy.0 = Release|iOS
		{98054972-439D-4EC2-9C20-2B93C45FF889}.Release|Windows-ARM.ActiveCfg = Release|Windows-ARM
		{98054972-439D-4EC2-9C20-2B93C45FF889}.Release|Windows-ARM.Build.0 = Release|Windows-ARM
		{98054972-439D-4EC2-9C20-2B93C45FF889}.Release|Windows-ARM.Deploy.0 = Release|Windows-ARM
		{98054972-439D-4EC2-9C20-2B93C45FF889}.Release|Windows-x64.ActiveCfg = Release|Windows-x64
		{98054972-439D-4EC2-9C20-2B93C45FF889}.Release|Windows-x64.Build.0 = Release|Windows-x64
		{98054972-439D-4EC2-9C20-2B93C45FF889}.Release|Windows-x64.Deploy.0 = Release|Windows-x64
		{98054972-439D-4EC2-9C20-2B93C45FF889}.Release|Windows-x86.ActiveCfg = Release|Windows-x86
		{98054972-439D-4EC2-9C20-2B93C45FF889}.Release|Windows-x86.Build.0 = Release|Windows-x86
		{98054972-439D-4EC2-9C20-2B93C45FF889}.Release|Windows-x86.Deploy.0 = Release|Windows-x86
	EndGlobalSection
	GlobalSection(SolutionProperties) = preSolution
		HideSolutionNode = FALSE
	EndGlobalSection
	GlobalSection(ExtensibilityGlobals) = postSolution
		SolutionGuid = {3DC8D5F8-C169-4235-8488-F12A9823C76C}
	EndGlobalSection
EndGlobal
